<?xml version="1.0" encoding="utf-8"?>
<Project ToolsVersion="4.0" xmlns="http://schemas.microsoft.com/developer/msbuild/2003">
  <ItemGroup>
    <Filter Include="Default">
      <UniqueIdentifier>{135df1f5-a573-44c5-a0f7-4fac19d35c83}</UniqueIdentifier>
    </Filter>
    <Filter Include="Default\00.Win32Frame">
      <UniqueIdentifier>{d5929dfc-0b9d-401c-9f08-a128a2645907}</UniqueIdentifier>
    </Filter>
    <Filter Include="Default\01.Resource">
      <UniqueIdentifier>{54f440fe-2b1f-4913-803a-78a5b59b45d2}</UniqueIdentifier>
    </Filter>
    <Filter Include="Default\02.Etc">
      <UniqueIdentifier>{d9cc5833-e9c8-4b44-af52-5d65bc8794c7}</UniqueIdentifier>
    </Filter>
    <Filter Include="01.GameObject">
      <UniqueIdentifier>{1e3acef8-4f46-4ca4-ae1b-dc8708f5ddbe}</UniqueIdentifier>
    </Filter>
    <Filter Include="02.Scene">
      <UniqueIdentifier>{b816fcff-1649-4a7b-9ecd-dff12335f742}</UniqueIdentifier>
    </Filter>
    <Filter Include="03.Manager">
      <UniqueIdentifier>{a66504a9-b99a-4e89-b239-17467ce19afd}</UniqueIdentifier>
    </Filter>
    <Filter Include="99.Define">
      <UniqueIdentifier>{d2789a08-db15-4075-a655-8eabda3f8dae}</UniqueIdentifier>
    </Filter>
    <Filter Include="04.ShaderFiles">
      <UniqueIdentifier>{05f24215-828c-4213-87c0-5a4e66108e84}</UniqueIdentifier>
    </Filter>
    <Filter Include="00.MainApp">
      <UniqueIdentifier>{a342b0a8-4c26-4623-bb9b-51c4f82116dc}</UniqueIdentifier>
    </Filter>
    <Filter Include="03.Manager\01.UtilityMgr">
      <UniqueIdentifier>{e722b673-155a-45d2-9460-2e002d140602}</UniqueIdentifier>
    </Filter>
    <Filter Include="03.Manager\02.ImguiMgr">
      <UniqueIdentifier>{2be29c60-7260-4acd-9189-58ce27fa77aa}</UniqueIdentifier>
    </Filter>
    <Filter Include="01.GameObject\00.Camera">
      <UniqueIdentifier>{679099b1-92a8-4926-bb1d-66b277cafb42}</UniqueIdentifier>
    </Filter>
    <Filter Include="01.GameObject\01.Player">
      <UniqueIdentifier>{5b4a2e76-6924-450a-bcaa-3ea61d0fafa4}</UniqueIdentifier>
    </Filter>
    <Filter Include="01.GameObject\02.Monster">
      <UniqueIdentifier>{e402d177-2582-410e-9a7b-a085447e4ebe}</UniqueIdentifier>
    </Filter>
    <Filter Include="01.GameObject\03.Npc">
      <UniqueIdentifier>{0ec860d4-f67f-4654-8346-a74e34a68bfc}</UniqueIdentifier>
    </Filter>
    <Filter Include="01.GameObject\05.SkyBox">
      <UniqueIdentifier>{88098f82-4509-4315-98a5-678083138f6f}</UniqueIdentifier>
    </Filter>
    <Filter Include="01.GameObject\06.Terrain">
      <UniqueIdentifier>{111bb108-04f6-4804-a7ed-b1ac40e6d873}</UniqueIdentifier>
    </Filter>
    <Filter Include="01.GameObject\07.MapObject">
      <UniqueIdentifier>{880cf650-b3bf-4e55-8d1f-9533bbe6ff9b}</UniqueIdentifier>
    </Filter>
    <Filter Include="01.GameObject\98.TriggerObject">
      <UniqueIdentifier>{cc515ead-bb04-41b8-aadc-3e855ee22769}</UniqueIdentifier>
    </Filter>
    <Filter Include="01.GameObject\99.UI">
      <UniqueIdentifier>{7283bfda-be09-4504-a6b1-d4294a912b6f}</UniqueIdentifier>
    </Filter>
    <Filter Include="02.Scene\01.Scene_Loby">
      <UniqueIdentifier>{ba7a4ca4-6126-4de3-a1bf-c9af0b593e19}</UniqueIdentifier>
    </Filter>
    <Filter Include="02.Scene\02.Scene_Loading">
      <UniqueIdentifier>{be1903d3-435f-4f2a-a696-c8aa1d0cead6}</UniqueIdentifier>
    </Filter>
    <Filter Include="02.Scene\03.Scene_StageSelect">
      <UniqueIdentifier>{0ba78e62-3b38-471d-a07a-76cd29ea65d8}</UniqueIdentifier>
    </Filter>
    <Filter Include="02.Scene\04.Scene_InGame">
      <UniqueIdentifier>{a60e6e62-7dea-4bbb-ab77-a674da6c854c}</UniqueIdentifier>
    </Filter>
    <Filter Include="02.Scene\04.Scene_InGame\01.Scene_Stage1">
      <UniqueIdentifier>{858a1e4c-2cea-4b64-b9af-11938a26d161}</UniqueIdentifier>
    </Filter>
    <Filter Include="02.Scene\04.Scene_InGame\02.Scene_Stage2">
      <UniqueIdentifier>{7edbd531-1185-4a14-b768-f416bd0575ad}</UniqueIdentifier>
    </Filter>
    <Filter Include="02.Scene\04.Scene_InGame\03.Scene_Stage3">
      <UniqueIdentifier>{9141316b-1148-45fd-9e7d-7af06b3e6308}</UniqueIdentifier>
    </Filter>
    <Filter Include="02.Scene\04.Scene_InGame\04.Scene_Stage4">
      <UniqueIdentifier>{c1052080-9d38-4ad2-9190-7859e3d6ca8a}</UniqueIdentifier>
    </Filter>
    <Filter Include="02.Scene\04.Scene_InGame\05.Scene_Stage5">
      <UniqueIdentifier>{53798a59-85c9-465d-b0b6-ec166e71e28b}</UniqueIdentifier>
    </Filter>
    <Filter Include="02.Scene\04.Scene_InGame\06.Scene_Stage6">
      <UniqueIdentifier>{f37de20d-6aa1-4ac1-981c-c47e05d1bc80}</UniqueIdentifier>
    </Filter>
    <Filter Include="02.Scene\04.Scene_InGame\07.Scene_Stage7">
      <UniqueIdentifier>{c59b018b-582f-4ea6-94c5-66359db7c562}</UniqueIdentifier>
    </Filter>
    <Filter Include="02.Scene\99.Scene_Editor">
      <UniqueIdentifier>{73c695e4-a782-4f00-8d05-3c94e0320868}</UniqueIdentifier>
    </Filter>
    <Filter Include="02.Scene\05.Scene_Boss">
      <UniqueIdentifier>{f59a6bb4-3924-4375-ae48-b96d9deb0064}</UniqueIdentifier>
    </Filter>
    <Filter Include="03.Manager\02.ImguiMgr\00.Manager">
      <UniqueIdentifier>{f3eee5d0-86b2-4d6e-a6c8-91d377b99850}</UniqueIdentifier>
    </Filter>
    <Filter Include="03.Manager\02.ImguiMgr\99.Default">
      <UniqueIdentifier>{17ffe9ec-0c2e-4dae-b1a1-6b80f19037b5}</UniqueIdentifier>
    </Filter>
    <Filter Include="01.GameObject\97.TestObject">
      <UniqueIdentifier>{a7b3c531-e407-40f9-a353-10b9cfcf15b1}</UniqueIdentifier>
    </Filter>
    <Filter Include="01.GameObject\97.TestObject\00.For_EditorScene">
      <UniqueIdentifier>{ff4047c5-d159-4854-b153-f03f045d7655}</UniqueIdentifier>
    </Filter>
    <Filter Include="01.GameObject\07.MapObject\01.DynamicObject">
      <UniqueIdentifier>{418f0e98-95f6-4574-8a22-0da5a987d033}</UniqueIdentifier>
    </Filter>
    <Filter Include="01.GameObject\07.MapObject\02.StaticObject">
      <UniqueIdentifier>{f24c4f66-f015-40ae-b5e0-ecaeb5f8f93c}</UniqueIdentifier>
    </Filter>
    <Filter Include="01.GameObject\96.NaviPoint">
      <UniqueIdentifier>{07cfe2b2-9c5f-4be7-8329-33bced33751a}</UniqueIdentifier>
    </Filter>
    <Filter Include="03.Manager\03.AssimpCreateMgr">
      <UniqueIdentifier>{273b7580-8fe8-4ad0-94a1-60d11ec214b9}</UniqueIdentifier>
    </Filter>
    <Filter Include="01.GameObject\02.Monster\Boss">
      <UniqueIdentifier>{f0ed39f5-01e2-4e2c-98d3-a61dbff5343d}</UniqueIdentifier>
    </Filter>
    <Filter Include="01.GameObject\02.Monster\Boss\Rangda">
      <UniqueIdentifier>{bd5b5ed1-25e4-48b1-a551-be1926a41042}</UniqueIdentifier>
    </Filter>
    <Filter Include="01.GameObject\02.Monster\Boss\Boss_Bullet">
      <UniqueIdentifier>{609269ce-58f5-4694-bc38-c83885b99131}</UniqueIdentifier>
    </Filter>
    <Filter Include="01.GameObject\02.Monster\Boss\Boss_Bullet\Rangda_MagicCircle">
      <UniqueIdentifier>{f1a150e1-1c60-4f40-b38e-42a098ead95e}</UniqueIdentifier>
    </Filter>
    <Filter Include="01.GameObject\02.Monster\Monster">
      <UniqueIdentifier>{40274eab-c401-4937-b5ac-1b69b266320b}</UniqueIdentifier>
    </Filter>
    <Filter Include="01.GameObject\02.Monster\Monster\Monster_Mahinasura_Minion">
      <UniqueIdentifier>{7f2f4b99-76ae-4f22-898b-3a4405f0c412}</UniqueIdentifier>
    </Filter>
    <Filter Include="01.GameObject\02.Monster\Monster\Monster_Mahinasura_Leader">
      <UniqueIdentifier>{d20c9466-38e6-4865-b7ca-d12ac7d58721}</UniqueIdentifier>
    </Filter>
    <Filter Include="01.GameObject\02.Monster\Monster\Monster_Vayusura_Minion">
      <UniqueIdentifier>{5e254b59-27a8-4d65-9a12-9ab86231b4d6}</UniqueIdentifier>
    </Filter>
    <Filter Include="01.GameObject\02.Monster\Monster\Monster_Vayusura_Leader">
      <UniqueIdentifier>{00e2325d-4b5f-4835-bacc-ec49b9c61b3a}</UniqueIdentifier>
    </Filter>
    <Filter Include="01.GameObject\01.Player\00. Weapons">
      <UniqueIdentifier>{470f6530-c266-4b0c-8bef-8fb458a60e1a}</UniqueIdentifier>
    </Filter>
    <Filter Include="01.GameObject\01.Player\00. Weapons\00. Spear">
      <UniqueIdentifier>{49a509a6-9bea-427a-b3f0-9d1c7db005e0}</UniqueIdentifier>
    </Filter>
    <Filter Include="01.GameObject\02.Monster\Monster\Monster_Gadasura_Black">
      <UniqueIdentifier>{cf480f64-11db-47ae-ae86-e11e64297966}</UniqueIdentifier>
    </Filter>
    <Filter Include="01.GameObject\02.Monster\Monster\Monster_Bullet">
      <UniqueIdentifier>{f96b2ddc-b00a-4af9-8d6d-5bc7d15e52e6}</UniqueIdentifier>
    </Filter>
    <Filter Include="01.GameObject\02.Monster\Monster\Monster_Bullet\Monster_Bullet_Universal">
      <UniqueIdentifier>{ad11d86f-f304-4384-826a-20223b2c5663}</UniqueIdentifier>
    </Filter>
    <Filter Include="01.GameObject\02.Monster\Boss\Chiedtian">
      <UniqueIdentifier>{d1d94933-c3bb-42fa-a0fa-aa75a6826208}</UniqueIdentifier>
    </Filter>
    <Filter Include="01.GameObject\02.Monster\MonsterWeapon">
      <UniqueIdentifier>{f9c89e62-1892-4c84-bdbb-379249803901}</UniqueIdentifier>
    </Filter>
    <Filter Include="01.GameObject\02.Monster\MonsterWeapon\Chiedtuan_Weapon">
      <UniqueIdentifier>{d3fee4e7-3d7f-45a2-b06a-f369399418b5}</UniqueIdentifier>
    </Filter>
    <Filter Include="01.GameObject\02.Monster\Monster\Monster_Tezabsura_Minion">
      <UniqueIdentifier>{ddbd2a06-5086-4915-b052-a0cb38f50973}</UniqueIdentifier>
    </Filter>
    <Filter Include="05.PhysX">
      <UniqueIdentifier>{bbca00da-bf1c-4ef0-981e-8364cb5f6ae2}</UniqueIdentifier>
    </Filter>
    <Filter Include="01.GameObject\01.Player\00. Weapons\01. Bow">
      <UniqueIdentifier>{787c5d22-7198-4974-9964-cca24eee3a17}</UniqueIdentifier>
    </Filter>
    <Filter Include="01.GameObject\01.Player\00. Weapons\02. Sword">
      <UniqueIdentifier>{b9345859-a538-4fc8-a59b-19c8ec08513b}</UniqueIdentifier>
    </Filter>
    <Filter Include="05.PhysX\1.Mgr">
      <UniqueIdentifier>{69a396b9-fedb-49d9-8474-166e19a5159c}</UniqueIdentifier>
    </Filter>
    <Filter Include="05.PhysX\3.Com_PhyCom">
      <UniqueIdentifier>{bb17a656-8c87-4c47-8753-44c44937719e}</UniqueIdentifier>
    </Filter>
    <Filter Include="05.PhysX\4.SnipSampleTest">
      <UniqueIdentifier>{ba343726-6092-4104-b5e6-4966c0087ac8}</UniqueIdentifier>
    </Filter>
    <Filter Include="05.PhysX\2.Callback">
      <UniqueIdentifier>{4b7268a0-b7b2-4656-96dc-e83e30366bfa}</UniqueIdentifier>
    </Filter>
    <Filter Include="01.GameObject\97.TestObject\01.PhysX_Obj">
      <UniqueIdentifier>{1e20f720-c66b-4d53-a501-c0398dd2dd5b}</UniqueIdentifier>
    </Filter>
    <Filter Include="05.PhysX\5.Extent">
      <UniqueIdentifier>{cfef6f2c-ea89-4bea-8414-657f9e1c0ce3}</UniqueIdentifier>
    </Filter>
    <Filter Include="01.GameObject\02.Monster\Monster\Monster_Tezabsura_Purple">
      <UniqueIdentifier>{dbf0aa8d-d058-45cc-93d4-030b9a5f18c1}</UniqueIdentifier>
    </Filter>
    <Filter Include="01.GameObject\02.Monster\Monster\Monster_Tezabsura_Bomber">
      <UniqueIdentifier>{1dd0660e-2a78-435c-afeb-d56394bf3035}</UniqueIdentifier>
    </Filter>
    <Filter Include="01.GameObject\02.Monster\Monster\Monster_Tezabsura_Landmine">
      <UniqueIdentifier>{5a961c5f-a222-43f9-9049-0c095f47843e}</UniqueIdentifier>
    </Filter>
    <Filter Include="01.GameObject\02.Monster\Monster\Monster_Jalsura">
      <UniqueIdentifier>{d0851d53-573b-4691-a89e-80d420ba66af}</UniqueIdentifier>
    </Filter>
    <Filter Include="01.GameObject\02.Monster\Monster\Monster_Bullet\Monster_Texture_Bullet">
      <UniqueIdentifier>{a5a4a2d1-0644-4133-bd35-41f9e0f6159e}</UniqueIdentifier>
    </Filter>
    <Filter Include="05.PhysX\Mgr">
      <UniqueIdentifier>{69a396b9-fedb-49d9-8474-166e19a5159c}</UniqueIdentifier>
    </Filter>
    <Filter Include="01.GameObject\01.Player\00. Weapons\01. Bow">
      <UniqueIdentifier>{787c5d22-7198-4974-9964-cca24eee3a17}</UniqueIdentifier>
    </Filter>
    <Filter Include="01.GameObject\01.Player\00. Weapons\02. Sword">
      <UniqueIdentifier>{b9345859-a538-4fc8-a59b-19c8ec08513b}</UniqueIdentifier>
    </Filter>
    <Filter Include="01.GameObject\01.Player\00. Weapons\03. Shield">
      <UniqueIdentifier>{0bdc9a1d-252c-4f5f-83ef-c83b3226aa17}</UniqueIdentifier>
    </Filter>
    <Filter Include="01.GameObject\01.Player\00. Weapons\04. Chakra">
      <UniqueIdentifier>{8b922587-df8b-4cc0-80db-74910bedcba6}</UniqueIdentifier>
    </Filter>
    <Filter Include="01.GameObject\02.Monster\Boss\Snake">
      <UniqueIdentifier>{30e977db-f5f5-4f31-80ff-3760c24daecc}</UniqueIdentifier>
    </Filter>
    <Filter Include="01.GameObject\08.Effect">
      <UniqueIdentifier>{46304b89-0333-4cca-abca-de65a3cefa29}</UniqueIdentifier>
    </Filter>
    <Filter Include="01.GameObject\08.Effect\00.TextureEffect">
      <UniqueIdentifier>{fde42bc4-6ac8-4175-8951-b07a89c71625}</UniqueIdentifier>
    </Filter>
    <Filter Include="01.GameObject\08.Effect\01.MeshEffect">
      <UniqueIdentifier>{8f1ee2e7-0e64-4df5-83aa-e5f6910d5176}</UniqueIdentifier>
    </Filter>
    <Filter Include="01.GameObject\08.Effect\02.InstanceEffect">
      <UniqueIdentifier>{85d654cf-7d79-4526-9c40-c83925b8a64a}</UniqueIdentifier>
    </Filter>
    <Filter Include="01.GameObject\97.TestObject\02.TestNonAnimInstancing">
      <UniqueIdentifier>{d6460056-55d5-4787-8e35-03b45af5b1d2}</UniqueIdentifier>
    </Filter>
    <Filter Include="01.GameObject\02.Monster\Monster\Monster_Ninjasura">
      <UniqueIdentifier>{71240fc7-2578-4db2-9c6b-b6cca43a4761}</UniqueIdentifier>
    </Filter>
    <Filter Include="01.GameObject\02.Monster\Monster\Monster_Ninjasura_Minion">
      <UniqueIdentifier>{0a8ba767-4020-42e5-8224-b0d8ae536f95}</UniqueIdentifier>
    </Filter>
    <Filter Include="01.GameObject\02.Monster\Monster\Monster_Weapon_Universal">
      <UniqueIdentifier>{c19fe9f4-fae0-4c83-a0cb-71aca287e7f8}</UniqueIdentifier>
    </Filter>
  </ItemGroup>
  <ItemGroup>
    <ClInclude Include="stdafx.h">
      <Filter>Default\02.Etc</Filter>
    </ClInclude>
    <ClInclude Include="targetver.h">
      <Filter>Default\02.Etc</Filter>
    </ClInclude>
    <ClInclude Include="Resource.h">
      <Filter>Default\01.Resource</Filter>
    </ClInclude>
    <ClInclude Include="Client.h">
      <Filter>Default\00.Win32Frame</Filter>
    </ClInclude>
    <ClInclude Include="..\bin\ShaderFiles\Shader_Define.hpp">
      <Filter>04.ShaderFiles</Filter>
    </ClInclude>
    <ClInclude Include="..\public\Client_Enum.h">
      <Filter>99.Define</Filter>
    </ClInclude>
    <ClInclude Include="..\public\Client_Macro.h">
      <Filter>99.Define</Filter>
    </ClInclude>
    <ClInclude Include="..\public\Client_Struct.h">
      <Filter>99.Define</Filter>
    </ClInclude>
    <ClInclude Include="..\public\Client_Define.h">
      <Filter>99.Define</Filter>
    </ClInclude>
    <ClInclude Include="..\public\MainApp.h">
      <Filter>00.MainApp</Filter>
    </ClInclude>
    <ClInclude Include="..\public\UtilityMgr.h">
      <Filter>03.Manager\01.UtilityMgr</Filter>
    </ClInclude>
    <ClInclude Include="..\public\Scene_Loading.h">
      <Filter>02.Scene\02.Scene_Loading</Filter>
    </ClInclude>
    <ClInclude Include="..\public\Scene_Loby.h">
      <Filter>02.Scene\01.Scene_Loby</Filter>
    </ClInclude>
    <ClInclude Include="..\public\Scene_Stage3.h">
      <Filter>02.Scene\04.Scene_InGame\03.Scene_Stage3</Filter>
    </ClInclude>
    <ClInclude Include="..\public\Scene_Stage2.h">
      <Filter>02.Scene\04.Scene_InGame\02.Scene_Stage2</Filter>
    </ClInclude>
    <ClInclude Include="..\public\Scene_Stage1.h">
      <Filter>02.Scene\04.Scene_InGame\01.Scene_Stage1</Filter>
    </ClInclude>
    <ClInclude Include="..\public\Scene_Stage4.h">
      <Filter>02.Scene\04.Scene_InGame\04.Scene_Stage4</Filter>
    </ClInclude>
    <ClInclude Include="..\public\Scene_Stage5.h">
      <Filter>02.Scene\04.Scene_InGame\05.Scene_Stage5</Filter>
    </ClInclude>
    <ClInclude Include="..\public\Scene_Stage6.h">
      <Filter>02.Scene\04.Scene_InGame\06.Scene_Stage6</Filter>
    </ClInclude>
    <ClInclude Include="..\public\Scene_Stage7.h">
      <Filter>02.Scene\04.Scene_InGame\07.Scene_Stage7</Filter>
    </ClInclude>
    <ClInclude Include="..\public\Scene_StageSelect.h">
      <Filter>02.Scene\03.Scene_StageSelect</Filter>
    </ClInclude>
    <ClInclude Include="..\public\Scene_Boss.h">
      <Filter>02.Scene\05.Scene_Boss</Filter>
    </ClInclude>
    <ClInclude Include="..\public\Camera_Main.h">
      <Filter>01.GameObject\00.Camera</Filter>
    </ClInclude>
    <ClInclude Include="..\public\ImguiMgr.h">
      <Filter>03.Manager\02.ImguiMgr\00.Manager</Filter>
    </ClInclude>
    <ClInclude Include="..\..\Reference\Inc\imconfig.h">
      <Filter>03.Manager\02.ImguiMgr\99.Default</Filter>
    </ClInclude>
    <ClInclude Include="..\..\Reference\Inc\imgui.h">
      <Filter>03.Manager\02.ImguiMgr\99.Default</Filter>
    </ClInclude>
    <ClInclude Include="..\..\Reference\Inc\imgui_impl_dx11.h">
      <Filter>03.Manager\02.ImguiMgr\99.Default</Filter>
    </ClInclude>
    <ClInclude Include="..\..\Reference\Inc\imgui_impl_win32.h">
      <Filter>03.Manager\02.ImguiMgr\99.Default</Filter>
    </ClInclude>
    <ClInclude Include="..\..\Reference\Inc\imgui_internal.h">
      <Filter>03.Manager\02.ImguiMgr\99.Default</Filter>
    </ClInclude>
    <ClInclude Include="..\..\Reference\Inc\imstb_rectpack.h">
      <Filter>03.Manager\02.ImguiMgr\99.Default</Filter>
    </ClInclude>
    <ClInclude Include="..\..\Reference\Inc\imstb_textedit.h">
      <Filter>03.Manager\02.ImguiMgr\99.Default</Filter>
    </ClInclude>
    <ClInclude Include="..\..\Reference\Inc\imstb_truetype.h">
      <Filter>03.Manager\02.ImguiMgr\99.Default</Filter>
    </ClInclude>
    <ClInclude Include="..\public\TestObject.h">
      <Filter>01.GameObject\97.TestObject</Filter>
    </ClInclude>
    <ClInclude Include="..\public\SkyBox.h">
      <Filter>01.GameObject\05.SkyBox</Filter>
    </ClInclude>
    <ClInclude Include="..\public\EditorTerrain.h">
      <Filter>01.GameObject\06.Terrain</Filter>
    </ClInclude>
    <ClInclude Include="..\public\Scene_Edit.h">
      <Filter>02.Scene\99.Scene_Editor</Filter>
    </ClInclude>
    <ClInclude Include="..\public\Camera_Editor.h">
      <Filter>01.GameObject\00.Camera</Filter>
    </ClInclude>
    <ClInclude Include="..\public\ESCursor.h">
      <Filter>01.GameObject\97.TestObject\00.For_EditorScene</Filter>
    </ClInclude>
    <ClInclude Include="..\public\MapObject.h">
      <Filter>01.GameObject\07.MapObject</Filter>
    </ClInclude>
    <ClInclude Include="..\public\StaticMapObject.h">
      <Filter>01.GameObject\07.MapObject\02.StaticObject</Filter>
    </ClInclude>
    <ClInclude Include="..\public\NaviPoint.h">
      <Filter>01.GameObject\96.NaviPoint</Filter>
    </ClInclude>
    <ClInclude Include="..\public\Loader.h">
      <Filter>02.Scene</Filter>
    </ClInclude>
    <ClInclude Include="..\public\TestStaticObject.h">
      <Filter>01.GameObject\97.TestObject</Filter>
    </ClInclude>
    <ClInclude Include="..\public\Boss.h">
      <Filter>01.GameObject\02.Monster\Boss</Filter>
    </ClInclude>
    <ClInclude Include="..\public\Rangda.h">
      <Filter>01.GameObject\02.Monster\Boss\Rangda</Filter>
    </ClInclude>
    <ClInclude Include="..\public\Monster.h">
      <Filter>01.GameObject\02.Monster\Monster</Filter>
    </ClInclude>
    <ClInclude Include="..\public\Monster_Mahinasura_Minion.h">
      <Filter>01.GameObject\02.Monster\Monster\Monster_Mahinasura_Minion</Filter>
    </ClInclude>
    <ClInclude Include="..\public\Monster_Mahinasura_Leader.h">
      <Filter>01.GameObject\02.Monster\Monster\Monster_Mahinasura_Leader</Filter>
    </ClInclude>
    <ClInclude Include="..\public\Monster_Mahinasura_Minion.h">
      <Filter>01.GameObject\02.Monster\Monster\Monster_Mahinasura_Minion</Filter>
    </ClInclude>
    <ClInclude Include="..\public\Monster_Vayusura_Minion.h">
      <Filter>01.GameObject\02.Monster\Monster\Monster_Vayusura_Minion</Filter>
    </ClInclude>
    <ClInclude Include="..\public\Monster_Vayusura_Leader.h">
      <Filter>01.GameObject\02.Monster\Monster\Monster_Vayusura_Leader</Filter>
    </ClInclude>
    <ClInclude Include="..\public\Monster_Mahinasura_Minion.h">
      <Filter>01.GameObject\02.Monster\Monster\Monster_Mahinasura_Minion</Filter>
    </ClInclude>
    <ClInclude Include="..\public\Rangda_MagicCircle.h">
      <Filter>01.GameObject\02.Monster\Boss\Boss_Bullet\Rangda_MagicCircle</Filter>
    </ClInclude>
    <ClInclude Include="..\public\PlayerWeapon.h">
      <Filter>01.GameObject\01.Player\00. Weapons</Filter>
    </ClInclude>
    <ClInclude Include="..\public\PlayerWeapon_Spear.h">
      <Filter>01.GameObject\01.Player\00. Weapons\00. Spear</Filter>
    </ClInclude>
    <ClInclude Include="..\public\AssimpCreateMgr.h">
      <Filter>03.Manager\03.AssimpCreateMgr</Filter>
    </ClInclude>
    <ClInclude Include="..\public\Player.h">
      <Filter>01.GameObject\01.Player</Filter>
    </ClInclude>
    <ClInclude Include="..\public\Monster_Gadasura_Black.h">
      <Filter>01.GameObject\02.Monster\Monster\Monster_Gadasura_Black</Filter>
    </ClInclude>
    <ClInclude Include="..\public\Monster.h">
      <Filter>01.GameObject\02.Monster</Filter>
    </ClInclude>
    <ClInclude Include="..\public\Monster_Mahinasura_Minion.h">
      <Filter>01.GameObject\02.Monster\Monster\Monster_Mahinasura_Minion</Filter>
    </ClInclude>
    <ClInclude Include="..\public\Monster_Bullet.h">
      <Filter>01.GameObject\02.Monster\Monster\Monster_Bullet</Filter>
    </ClInclude>
    <ClInclude Include="..\public\Chiedtian.h">
      <Filter>01.GameObject\02.Monster\Boss\Chiedtian</Filter>
    </ClInclude>
    <ClInclude Include="..\public\MonsterWeapon.h">
      <Filter>01.GameObject\02.Monster\MonsterWeapon</Filter>
    </ClInclude>
    <ClInclude Include="..\public\Chiedtuan_Weapon.h">
      <Filter>01.GameObject\02.Monster\MonsterWeapon\Chiedtuan_Weapon</Filter>
    </ClInclude>
    <ClInclude Include="..\public\Monster.h">
      <Filter>01.GameObject\02.Monster\Monster</Filter>
    </ClInclude>
    <ClInclude Include="..\public\Monster_Gadasura_Black.h">
      <Filter>01.GameObject\02.Monster\Monster\Monster_Gadasura_Black</Filter>
    </ClInclude>
    <ClInclude Include="..\public\Monster_Tezabsura_Minion.h">
      <Filter>01.GameObject\02.Monster\Monster\Monster_Tezabsura_Minion</Filter>
    </ClInclude>
    <ClInclude Include="..\public\PhysX\PhysXMgr.h">
      <Filter>05.PhysX\1.Mgr</Filter>
    </ClInclude>
    <ClInclude Include="..\public\PhysX\PhyxSampleTest.h">
      <Filter>05.PhysX\4.SnipSampleTest</Filter>
    </ClInclude>
    <ClInclude Include="..\public\PlayerWeapon_Bow.h">
      <Filter>01.GameObject\01.Player\00. Weapons\01. Bow</Filter>
    </ClInclude>
    <ClInclude Include="..\public\PlayerWeapon_Sword.h">
      <Filter>01.GameObject\01.Player\00. Weapons\02. Sword</Filter>
    </ClInclude>
    <ClInclude Include="..\public\Player.h">
      <Filter>01.GameObject\01.Player</Filter>
    </ClInclude>
    <ClInclude Include="..\public\Monster_Gadasura_Black.h">
      <Filter>01.GameObject\02.Monster\Monster\Monster_Gadasura_Black</Filter>
    </ClInclude>
    <ClInclude Include="..\public\Monster_Tezabsura_Purple.h">
      <Filter>01.GameObject\02.Monster\Monster\Monster_Tezabsura_Purple</Filter>
    </ClInclude>
    <ClInclude Include="..\public\Monster_Tezabsura_Bomber.h">
      <Filter>01.GameObject\02.Monster\Monster\Monster_Tezabsura_Bomber</Filter>
    </ClInclude>
    <ClInclude Include="..\public\Monster_Tezabsura_Landmine.h">
      <Filter>01.GameObject\02.Monster\Monster\Monster_Tezabsura_Landmine</Filter>
    </ClInclude>
    <ClInclude Include="..\public\Monster_Texture_Bullet.h">
      <Filter>01.GameObject\02.Monster\Monster\Monster_Bullet\Monster_Texture_Bullet</Filter>
    </ClInclude>
    <ClInclude Include="..\public\Monster_Jalsura.h">
      <Filter>01.GameObject\02.Monster\Monster\Monster_Jalsura</Filter>
    </ClInclude>
    <ClInclude Include="..\public\Monster_Bullet_Universal.h">
      <Filter>01.GameObject\02.Monster\Monster\Monster_Bullet\Monster_Bullet_Universal</Filter>
    </ClInclude>
    <ClInclude Include="..\public\Player.h">
      <Filter>01.GameObject\01.Player</Filter>
    </ClInclude>
    <ClInclude Include="..\public\PlayerWeapon_Shield.h">
      <Filter>01.GameObject\01.Player\00. Weapons\03. Shield</Filter>
    </ClInclude>
    <ClInclude Include="..\public\PlayerWeapon_Chakra.h">
      <Filter>01.GameObject\01.Player\00. Weapons\04. Chakra</Filter>
    </ClInclude>
    <ClInclude Include="..\public\Snake.h">
      <Filter>01.GameObject\02.Monster\Boss\Snake</Filter>
    </ClInclude>
    <ClInclude Include="..\public\InstanceEffect.h">
      <Filter>01.GameObject\08.Effect\02.InstanceEffect</Filter>
    </ClInclude>
    <ClInclude Include="..\public\TestNonAnimInstancing.h">
      <Filter>01.GameObject\97.TestObject\02.TestNonAnimInstancing</Filter>
    </ClInclude>
    <ClInclude Include="..\public\Monster_Ninjasura.h">
      <Filter>01.GameObject\02.Monster\Monster\Monster_Ninjasura</Filter>
    </ClInclude>
    <ClInclude Include="..\public\Monster_Ninjasura_Minion.h">
      <Filter>01.GameObject\02.Monster\Monster\Monster_Ninjasura_Minion</Filter>
    </ClInclude>
    <ClInclude Include="..\public\Monster_Weapon_Universal.h">
      <Filter>01.GameObject\02.Monster\Monster\Monster_Weapon_Universal</Filter>
    </ClInclude>
    <ClInclude Include="..\public\PlayerWeapon_Arrow.h" />
    <ClInclude Include="..\public\CopyMahabalasura.h" />
    <ClInclude Include="..\public\Mahabalasura.h" />
    <ClInclude Include="..\public\Mahabalasura_Arms.h" />
    <ClInclude Include="..\public\Mahabalasura_AttackArms.h" />
    <ClInclude Include="..\public\Mahabalasura_Weapon.h" />
    <ClInclude Include="..\public\PhysX\Collider_PhysX_Base.h" />
    <ClInclude Include="..\public\PhysX\Collider_PhysX_Dynamic.h" />
    <ClInclude Include="..\public\PhysX\Collider_PhysX_Joint.h" />
    <ClInclude Include="..\public\PhysX\Collider_PhysX_Static.h" />
    <ClInclude Include="..\public\Rangda_Finger.h" />
    <ClInclude Include="..\public\TestObject_PhysX.h" />
    <ClInclude Include="..\public\MeshEffect.h">
      <Filter>01.GameObject\08.Effect\01.MeshEffect</Filter>
    </ClInclude>
  </ItemGroup>
  <ItemGroup>
    <ClCompile Include="Client.cpp">
      <Filter>Default\00.Win32Frame</Filter>
    </ClCompile>
    <ClCompile Include="stdafx.cpp">
      <Filter>Default\02.Etc</Filter>
    </ClCompile>
    <ClCompile Include="..\private\MainApp.cpp">
      <Filter>00.MainApp</Filter>
    </ClCompile>
    <ClCompile Include="..\private\UtilityMgr.cpp">
      <Filter>03.Manager\01.UtilityMgr</Filter>
    </ClCompile>
    <ClCompile Include="..\private\Scene_Loading.cpp">
      <Filter>02.Scene\02.Scene_Loading</Filter>
    </ClCompile>
    <ClCompile Include="..\private\Scene_Loby.cpp">
      <Filter>02.Scene\01.Scene_Loby</Filter>
    </ClCompile>
    <ClCompile Include="..\private\Scene_Stage3.cpp">
      <Filter>02.Scene\04.Scene_InGame\03.Scene_Stage3</Filter>
    </ClCompile>
    <ClCompile Include="..\private\Scene_Stage2.cpp">
      <Filter>02.Scene\04.Scene_InGame\02.Scene_Stage2</Filter>
    </ClCompile>
    <ClCompile Include="..\private\Scene_Stage1.cpp">
      <Filter>02.Scene\04.Scene_InGame\01.Scene_Stage1</Filter>
    </ClCompile>
    <ClCompile Include="..\private\Scene_Stage4.cpp">
      <Filter>02.Scene\04.Scene_InGame\04.Scene_Stage4</Filter>
    </ClCompile>
    <ClCompile Include="..\private\Scene_Stage5.cpp">
      <Filter>02.Scene\04.Scene_InGame\05.Scene_Stage5</Filter>
    </ClCompile>
    <ClCompile Include="..\private\Scene_Stage6.cpp">
      <Filter>02.Scene\04.Scene_InGame\06.Scene_Stage6</Filter>
    </ClCompile>
    <ClCompile Include="..\private\Scene_Stage7.cpp">
      <Filter>02.Scene\04.Scene_InGame\07.Scene_Stage7</Filter>
    </ClCompile>
    <ClCompile Include="..\private\Scene_StageSelect.cpp">
      <Filter>02.Scene\03.Scene_StageSelect</Filter>
    </ClCompile>
    <ClCompile Include="..\private\Scene_Boss.cpp">
      <Filter>02.Scene\05.Scene_Boss</Filter>
    </ClCompile>
    <ClCompile Include="..\private\Camera_Main.cpp">
      <Filter>01.GameObject\00.Camera</Filter>
    </ClCompile>
    <ClCompile Include="..\private\ImguiMgr.cpp">
      <Filter>03.Manager\02.ImguiMgr\00.Manager</Filter>
    </ClCompile>
    <ClCompile Include="..\public\Imgui\imgui.cpp">
      <Filter>03.Manager\02.ImguiMgr\99.Default</Filter>
    </ClCompile>
    <ClCompile Include="..\public\Imgui\imgui_demo.cpp">
      <Filter>03.Manager\02.ImguiMgr\99.Default</Filter>
    </ClCompile>
    <ClCompile Include="..\public\Imgui\imgui_draw.cpp">
      <Filter>03.Manager\02.ImguiMgr\99.Default</Filter>
    </ClCompile>
    <ClCompile Include="..\public\Imgui\imgui_impl_dx11.cpp">
      <Filter>03.Manager\02.ImguiMgr\99.Default</Filter>
    </ClCompile>
    <ClCompile Include="..\public\Imgui\imgui_impl_win32.cpp">
      <Filter>03.Manager\02.ImguiMgr\99.Default</Filter>
    </ClCompile>
    <ClCompile Include="..\public\Imgui\imgui_tables.cpp">
      <Filter>03.Manager\02.ImguiMgr\99.Default</Filter>
    </ClCompile>
    <ClCompile Include="..\public\Imgui\imgui_widgets.cpp">
      <Filter>03.Manager\02.ImguiMgr\99.Default</Filter>
    </ClCompile>
    <ClCompile Include="..\private\TestObject.cpp">
      <Filter>01.GameObject\97.TestObject</Filter>
    </ClCompile>
    <ClCompile Include="..\private\SkyBox.cpp">
      <Filter>01.GameObject\05.SkyBox</Filter>
    </ClCompile>
    <ClCompile Include="..\private\EditorTerrain.cpp">
      <Filter>01.GameObject\06.Terrain</Filter>
    </ClCompile>
    <ClCompile Include="..\private\Scene_Edit.cpp">
      <Filter>02.Scene\99.Scene_Editor</Filter>
    </ClCompile>
    <ClCompile Include="..\public\Camera_Editor.cpp">
      <Filter>01.GameObject\00.Camera</Filter>
    </ClCompile>
    <ClCompile Include="..\private\ESCursor.cpp">
      <Filter>01.GameObject\97.TestObject\00.For_EditorScene</Filter>
    </ClCompile>
    <ClCompile Include="..\private\StaticMapObject.cpp">
      <Filter>01.GameObject\07.MapObject\02.StaticObject</Filter>
    </ClCompile>
    <ClCompile Include="..\private\MapObject.cpp">
      <Filter>01.GameObject\07.MapObject</Filter>
    </ClCompile>
    <ClCompile Include="..\private\NaviPoint.cpp">
      <Filter>01.GameObject\96.NaviPoint</Filter>
    </ClCompile>
    <ClCompile Include="..\private\Loader.cpp">
      <Filter>02.Scene</Filter>
    </ClCompile>
    <ClCompile Include="..\private\TestStaticObject.cpp">
      <Filter>01.GameObject\97.TestObject</Filter>
    </ClCompile>
    <ClCompile Include="..\private\AssimpCreateMgr.cpp">
      <Filter>03.Manager\03.AssimpCreateMgr</Filter>
    </ClCompile>
    <ClCompile Include="..\private\Boss.cpp">
      <Filter>01.GameObject\02.Monster\Boss</Filter>
    </ClCompile>
    <ClCompile Include="..\private\Rangda.cpp">
      <Filter>01.GameObject\02.Monster\Boss\Rangda</Filter>
    </ClCompile>
    <ClCompile Include="..\private\Monster.cpp">
      <Filter>01.GameObject\02.Monster\Monster</Filter>
    </ClCompile>
    <ClCompile Include="..\private\Monster_Mahinasura_Minion.cpp">
      <Filter>01.GameObject\02.Monster\Monster\Monster_Mahinasura_Minion</Filter>
    </ClCompile>
    <ClCompile Include="..\private\Monster_Mahinasura_Leader.cpp">
      <Filter>01.GameObject\02.Monster\Monster\Monster_Mahinasura_Leader</Filter>
    </ClCompile>
    <ClCompile Include="..\private\Monster_Mahinasura_Minion.cpp">
      <Filter>01.GameObject\02.Monster\Monster\Monster_Mahinasura_Minion</Filter>
    </ClCompile>
    <ClCompile Include="..\private\Monster_Vayusura_Minion.cpp">
      <Filter>01.GameObject\02.Monster\Monster\Monster_Vayusura_Minion</Filter>
    </ClCompile>
    <ClCompile Include="..\private\Monster_Vayusura_Leader.cpp">
      <Filter>01.GameObject\02.Monster\Monster\Monster_Vayusura_Leader</Filter>
    </ClCompile>
    <ClCompile Include="..\private\Rangda_MagicCircle.cpp">
      <Filter>01.GameObject\02.Monster\Boss\Boss_Bullet\Rangda_MagicCircle</Filter>
    </ClCompile>
    <ClCompile Include="..\private\PlayerWeapon.cpp">
      <Filter>01.GameObject\01.Player\00. Weapons</Filter>
    </ClCompile>
    <ClCompile Include="..\private\PlayerWeapon_Spear.cpp">
      <Filter>01.GameObject\01.Player\00. Weapons\00. Spear</Filter>
    </ClCompile>
    <ClCompile Include="..\private\Monster_Gadasura_Black.cpp">
      <Filter>01.GameObject\02.Monster\Monster\Monster_Gadasura_Black</Filter>
    </ClCompile>
    <ClCompile Include="..\private\Monster.cpp">
      <Filter>01.GameObject\02.Monster</Filter>
    </ClCompile>
    <ClCompile Include="..\private\Monster_Bullet.cpp">
      <Filter>01.GameObject\02.Monster\Monster\Monster_Bullet</Filter>
    </ClCompile>
    <ClCompile Include="..\private\Chiedtian.cpp">
      <Filter>01.GameObject\02.Monster\Boss\Chiedtian</Filter>
    </ClCompile>
    <ClCompile Include="..\private\MonsterWeapon.cpp">
      <Filter>01.GameObject\02.Monster\MonsterWeapon</Filter>
    </ClCompile>
    <ClCompile Include="..\private\Chiedtuan_Weapon.cpp">
      <Filter>01.GameObject\02.Monster\MonsterWeapon\Chiedtuan_Weapon</Filter>
    </ClCompile>
    <ClCompile Include="..\private\Monster_Gadasura_Black.cpp">
      <Filter>01.GameObject\02.Monster\Monster\Monster_Gadasura_Black</Filter>
    </ClCompile>
    <ClCompile Include="..\private\Monster_Tezabsura_Minion.cpp">
      <Filter>01.GameObject\02.Monster\Monster\Monster_Tezabsura_Minion</Filter>
    </ClCompile>
    <ClCompile Include="..\private\Player.cpp">
      <Filter>01.GameObject\01.Player</Filter>
    </ClCompile>
    <ClCompile Include="..\private\Monster_Gadasura_Black.cpp">
      <Filter>01.GameObject\02.Monster\Monster</Filter>
    </ClCompile>
    <ClCompile Include="..\private\physX\PhysXMgr.cpp">
      <Filter>05.PhysX\1.Mgr</Filter>
    </ClCompile>
    <ClCompile Include="..\private\physX\PhyxSampleTest.cpp">
      <Filter>05.PhysX\4.SnipSampleTest</Filter>
    </ClCompile>
    <ClCompile Include="..\private\PlayerWeapon_Bow.cpp">
      <Filter>01.GameObject\01.Player\00. Weapons\01. Bow</Filter>
    </ClCompile>
    <ClCompile Include="..\private\PlayerWeapon_Sword.cpp">
      <Filter>01.GameObject\01.Player\00. Weapons\02. Sword</Filter>
    </ClCompile>
    <ClCompile Include="..\private\Player.cpp">
      <Filter>01.GameObject\01.Player</Filter>
    </ClCompile>
    <ClCompile Include="..\private\Monster_Tezabsura_Purple.cpp">
      <Filter>01.GameObject\02.Monster\Monster\Monster_Tezabsura_Purple</Filter>
    </ClCompile>
    <ClCompile Include="..\private\Monster_Tezabsura_Bomber.cpp">
      <Filter>01.GameObject\02.Monster\Monster\Monster_Tezabsura_Bomber</Filter>
    </ClCompile>
    <ClCompile Include="..\private\Monster_Tezabsura_Landmine.cpp">
      <Filter>01.GameObject\02.Monster\Monster\Monster_Tezabsura_Landmine</Filter>
    </ClCompile>
    <ClCompile Include="..\private\Monster_Texture_Bullet.cpp">
      <Filter>01.GameObject\02.Monster\Monster\Monster_Bullet\Monster_Texture_Bullet</Filter>
    </ClCompile>
    <ClCompile Include="..\private\Monster_Jalsura.cpp">
      <Filter>01.GameObject\02.Monster\Monster\Monster_Jalsura</Filter>
    </ClCompile>
    <ClCompile Include="..\private\Monster_Bullet_Universal.cpp">
      <Filter>01.GameObject\02.Monster\Monster\Monster_Bullet\Monster_Bullet_Universal</Filter>
    </ClCompile>
    <ClCompile Include="..\private\Player.cpp">
      <Filter>01.GameObject\01.Player</Filter>
    </ClCompile>
    <ClCompile Include="..\private\PlayerWeapon_Shield.cpp">
      <Filter>01.GameObject\01.Player\00. Weapons\03. Shield</Filter>
    </ClCompile>
    <ClCompile Include="..\private\PlayerWeapon_Chakra.cpp">
      <Filter>01.GameObject\01.Player\00. Weapons\04. Chakra</Filter>
    </ClCompile>
    <ClCompile Include="..\private\Snake.cpp">
      <Filter>01.GameObject\02.Monster\Boss\Snake</Filter>
    </ClCompile>
    <ClCompile Include="..\private\InstanceEffect.cpp">
      <Filter>01.GameObject\08.Effect\02.InstanceEffect</Filter>
    </ClCompile>
    <ClCompile Include="..\private\TestNonAnimInstancing.cpp">
      <Filter>01.GameObject\97.TestObject\02.TestNonAnimInstancing</Filter>
    </ClCompile>
    <ClCompile Include="..\private\Monster_Ninjasura.cpp">
      <Filter>01.GameObject\02.Monster\Monster\Monster_Ninjasura</Filter>
    </ClCompile>
    <ClCompile Include="..\private\Monster_Ninjasura_Minion.cpp">
      <Filter>01.GameObject\02.Monster\Monster\Monster_Ninjasura_Minion</Filter>
    </ClCompile>
    <ClCompile Include="..\private\Monster_Weapon_Universal.cpp">
      <Filter>01.GameObject\02.Monster\Monster\Monster_Weapon_Universal</Filter>
    </ClCompile>
    <ClCompile Include="..\private\PlayerWeapon_Arrow.cpp" />
    <ClCompile Include="..\private\CopyMahabalasura.cpp" />
    <ClCompile Include="..\private\Mahabalasura.cpp" />
    <ClCompile Include="..\private\Mahabalasura_Arms.cpp" />
    <ClCompile Include="..\private\Mahabalasura_AttackArms.cpp" />
    <ClCompile Include="..\private\Mahabalasura_Weapon.cpp" />
    <ClCompile Include="..\private\physX\Collider_PhysX_Base.cpp" />
    <ClCompile Include="..\private\physX\Collider_PhysX_Dynamic.cpp" />
    <ClCompile Include="..\private\physX\Collider_PhysX_Joint.cpp" />
    <ClCompile Include="..\private\physX\Collider_PhysX_Static.cpp" />
    <ClCompile Include="..\private\Rangda_Finger.cpp" />
    <ClCompile Include="..\private\TestObject_PhysX.cpp" />
    <ClCompile Include="..\private\MeshEffect.cpp">
      <Filter>01.GameObject\08.Effect\01.MeshEffect</Filter>
    </ClCompile>
  </ItemGroup>
  <ItemGroup>
    <Image Include="Client.ico">
      <Filter>Default\01.Resource</Filter>
    </Image>
    <Image Include="small.ico">
      <Filter>Default\01.Resource</Filter>
    </Image>
  </ItemGroup>
  <ItemGroup>
    <Text Include="ReadMe.txt">
      <Filter>Default\02.Etc</Filter>
    </Text>
  </ItemGroup>
  <ItemGroup>
    <ResourceCompile Include="Client.rc">
      <Filter>Default\01.Resource</Filter>
    </ResourceCompile>
  </ItemGroup>
  <ItemGroup>
    <FxCompile Include="..\bin\ShaderFiles\Shader_NonAnimModel.hlsl">
      <Filter>04.ShaderFiles</Filter>
    </FxCompile>
    <FxCompile Include="..\bin\ShaderFiles\Shader_VtxCubeTex.hlsl">
      <Filter>04.ShaderFiles</Filter>
    </FxCompile>
    <FxCompile Include="..\bin\ShaderFiles\Shader_VtxNorTex.hlsl">
      <Filter>04.ShaderFiles</Filter>
    </FxCompile>
    <FxCompile Include="..\bin\ShaderFiles\Shader_VtxPointInstance.hlsl">
      <Filter>04.ShaderFiles</Filter>
    </FxCompile>
    <FxCompile Include="..\bin\ShaderFiles\Shader_VtxTex.hlsl">
      <Filter>04.ShaderFiles</Filter>
    </FxCompile>
    <FxCompile Include="..\bin\ShaderFiles\Shader_AnimModel.hlsl">
      <Filter>04.ShaderFiles</Filter>
    </FxCompile>
    <FxCompile Include="..\bin\ShaderFiles\Shader_VtxNonAnimMeshInstance.hlsl">
      <Filter>04.ShaderFiles</Filter>
    </FxCompile>
    <FxCompile Include="..\bin\ShaderFiles\Shader_VtxAnimMeshInstance.hlsl">
      <Filter>04.ShaderFiles</Filter>
    </FxCompile>
  </ItemGroup>
  <ItemGroup>
    <Natvis Include="..\public\Imgui\imgui.natvis">
      <Filter>03.Manager\02.ImguiMgr\99.Default</Filter>
    </Natvis>
  </ItemGroup>
</Project>